// !$*UTF8*$!
{
	archiveVersion = 1;
	classes = {
	};
	objectVersion = 46;
	objects = {

/* Begin PBXBuildFile section */
		3366FC811D129E1D00AD792C /* STMBannerAdViewController.m in Sources */ = {isa = PBXBuildFile; fileRef = 3366FC801D129E1D00AD792C /* STMBannerAdViewController.m */; };
		C59E8F551CCA165200E4F152 /* main.m in Sources */ = {isa = PBXBuildFile; fileRef = C59E8F541CCA165200E4F152 /* main.m */; };
		C59E8F581CCA165200E4F152 /* AppDelegate.m in Sources */ = {isa = PBXBuildFile; fileRef = C59E8F571CCA165200E4F152 /* AppDelegate.m */; };
		C59E8F5B1CCA165300E4F152 /* STMInterstitialAdViewController.m in Sources */ = {isa = PBXBuildFile; fileRef = C59E8F5A1CCA165300E4F152 /* STMInterstitialAdViewController.m */; };
		C59E8F5E1CCA165300E4F152 /* Main.storyboard in Resources */ = {isa = PBXBuildFile; fileRef = C59E8F5C1CCA165300E4F152 /* Main.storyboard */; };
		C59E8F601CCA165300E4F152 /* Assets.xcassets in Resources */ = {isa = PBXBuildFile; fileRef = C59E8F5F1CCA165300E4F152 /* Assets.xcassets */; };
		C59E8F711CCA1A2300E4F152 /* AdSupport.framework in Frameworks */ = {isa = PBXBuildFile; fileRef = C59E8F701CCA1A2300E4F152 /* AdSupport.framework */; };
		C59E8F731CCA1A2A00E4F152 /* CoreFoundation.framework in Frameworks */ = {isa = PBXBuildFile; fileRef = C59E8F721CCA1A2A00E4F152 /* CoreFoundation.framework */; };
		C59E8F751CCA1A3000E4F152 /* CoreGraphics.framework in Frameworks */ = {isa = PBXBuildFile; fileRef = C59E8F741CCA1A3000E4F152 /* CoreGraphics.framework */; };
		C59E8F771CCA1A3B00E4F152 /* CoreLocation.framework in Frameworks */ = {isa = PBXBuildFile; fileRef = C59E8F761CCA1A3B00E4F152 /* CoreLocation.framework */; };
		C59E8F791CCA1A4100E4F152 /* CoreTelephony.framework in Frameworks */ = {isa = PBXBuildFile; fileRef = C59E8F781CCA1A4100E4F152 /* CoreTelephony.framework */; };
		C59E8F7B1CCA1A4900E4F152 /* Foundation.framework in Frameworks */ = {isa = PBXBuildFile; fileRef = C59E8F7A1CCA1A4900E4F152 /* Foundation.framework */; };
		C59E8F7D1CCA1A4F00E4F152 /* SystemConfiguration.framework in Frameworks */ = {isa = PBXBuildFile; fileRef = C59E8F7C1CCA1A4F00E4F152 /* SystemConfiguration.framework */; };
		C59E8F7F1CCA1A5500E4F152 /* UIKit.framework in Frameworks */ = {isa = PBXBuildFile; fileRef = C59E8F7E1CCA1A5500E4F152 /* UIKit.framework */; };
		D805BC491DD2CD8000FD5DEE /* libSuntengMobileAdsSDK.a in Frameworks */ = {isa = PBXBuildFile; fileRef = D805BC431DD2CD8000FD5DEE /* libSuntengMobileAdsSDK.a */; };
		D86FAF3D1D17E8D7003432D8 /* StoreKit.framework in Frameworks */ = {isa = PBXBuildFile; fileRef = D86FAF3C1D17E8D7003432D8 /* StoreKit.framework */; };
		D86FAF5C1D17F379003432D8 /* LaunchImage.png in Resources */ = {isa = PBXBuildFile; fileRef = D86FAF531D17F379003432D8 /* LaunchImage.png */; };
		D86FAF5D1D17F379003432D8 /* LaunchImage4.7@2x.png in Resources */ = {isa = PBXBuildFile; fileRef = D86FAF541D17F379003432D8 /* LaunchImage4.7@2x.png */; };
		D86FAF5E1D17F379003432D8 /* LaunchImage4@2x.png in Resources */ = {isa = PBXBuildFile; fileRef = D86FAF551D17F379003432D8 /* LaunchImage4@2x.png */; };
		D86FAF5F1D17F379003432D8 /* LaunchImage5.5@3x.png in Resources */ = {isa = PBXBuildFile; fileRef = D86FAF561D17F379003432D8 /* LaunchImage5.5@3x.png */; };
		D86FAF601D17F379003432D8 /* LaunchImage@2x.png in Resources */ = {isa = PBXBuildFile; fileRef = D86FAF571D17F379003432D8 /* LaunchImage@2x.png */; };
		D86FAF611D17F379003432D8 /* LaunchImage_Landscape.png in Resources */ = {isa = PBXBuildFile; fileRef = D86FAF581D17F379003432D8 /* LaunchImage_Landscape.png */; };
		D86FAF621D17F379003432D8 /* LaunchImage_Landscape@2x.png in Resources */ = {isa = PBXBuildFile; fileRef = D86FAF591D17F379003432D8 /* LaunchImage_Landscape@2x.png */; };
		D86FAF631D17F379003432D8 /* LaunchImage_Portrait.png in Resources */ = {isa = PBXBuildFile; fileRef = D86FAF5A1D17F379003432D8 /* LaunchImage_Portrait.png */; };
		D86FAF641D17F379003432D8 /* LaunchImage_Portrait@2x.png in Resources */ = {isa = PBXBuildFile; fileRef = D86FAF5B1D17F379003432D8 /* LaunchImage_Portrait@2x.png */; };
/* End PBXBuildFile section */

/* Begin PBXFileReference section */
		3366FC7F1D129E1D00AD792C /* STMBannerAdViewController.h */ = {isa = PBXFileReference; fileEncoding = 4; lastKnownFileType = sourcecode.c.h; path = STMBannerAdViewController.h; sourceTree = "<group>"; };
		3366FC801D129E1D00AD792C /* STMBannerAdViewController.m */ = {isa = PBXFileReference; fileEncoding = 4; lastKnownFileType = sourcecode.c.objc; path = STMBannerAdViewController.m; sourceTree = "<group>"; };
		33D098721DD1D885005D78AA /* PrefixHeader.pch */ = {isa = PBXFileReference; fileEncoding = 4; lastKnownFileType = sourcecode.c.h; path = PrefixHeader.pch; sourceTree = "<group>"; };
		C59E8F501CCA165200E4F152 /* STMobSDKSample.app */ = {isa = PBXFileReference; explicitFileType = wrapper.application; includeInIndex = 0; path = STMobSDKSample.app; sourceTree = BUILT_PRODUCTS_DIR; };
		C59E8F541CCA165200E4F152 /* main.m */ = {isa = PBXFileReference; lastKnownFileType = sourcecode.c.objc; path = main.m; sourceTree = "<group>"; };
		C59E8F561CCA165200E4F152 /* AppDelegate.h */ = {isa = PBXFileReference; lastKnownFileType = sourcecode.c.h; path = AppDelegate.h; sourceTree = "<group>"; };
		C59E8F571CCA165200E4F152 /* AppDelegate.m */ = {isa = PBXFileReference; lastKnownFileType = sourcecode.c.objc; path = AppDelegate.m; sourceTree = "<group>"; };
		C59E8F591CCA165300E4F152 /* STMInterstitialAdViewController.h */ = {isa = PBXFileReference; lastKnownFileType = sourcecode.c.h; path = STMInterstitialAdViewController.h; sourceTree = "<group>"; };
		C59E8F5A1CCA165300E4F152 /* STMInterstitialAdViewController.m */ = {isa = PBXFileReference; lastKnownFileType = sourcecode.c.objc; path = STMInterstitialAdViewController.m; sourceTree = "<group>"; };
		C59E8F5D1CCA165300E4F152 /* Base */ = {isa = PBXFileReference; lastKnownFileType = file.storyboard; name = Base; path = Base.lproj/Main.storyboard; sourceTree = "<group>"; };
		C59E8F5F1CCA165300E4F152 /* Assets.xcassets */ = {isa = PBXFileReference; lastKnownFileType = folder.assetcatalog; path = Assets.xcassets; sourceTree = "<group>"; };
		C59E8F641CCA165300E4F152 /* Info.plist */ = {isa = PBXFileReference; lastKnownFileType = text.plist.xml; path = Info.plist; sourceTree = "<group>"; };
		C59E8F701CCA1A2300E4F152 /* AdSupport.framework */ = {isa = PBXFileReference; lastKnownFileType = wrapper.framework; name = AdSupport.framework; path = System/Library/Frameworks/AdSupport.framework; sourceTree = SDKROOT; };
		C59E8F721CCA1A2A00E4F152 /* CoreFoundation.framework */ = {isa = PBXFileReference; lastKnownFileType = wrapper.framework; name = CoreFoundation.framework; path = System/Library/Frameworks/CoreFoundation.framework; sourceTree = SDKROOT; };
		C59E8F741CCA1A3000E4F152 /* CoreGraphics.framework */ = {isa = PBXFileReference; lastKnownFileType = wrapper.framework; name = CoreGraphics.framework; path = System/Library/Frameworks/CoreGraphics.framework; sourceTree = SDKROOT; };
		C59E8F761CCA1A3B00E4F152 /* CoreLocation.framework */ = {isa = PBXFileReference; lastKnownFileType = wrapper.framework; name = CoreLocation.framework; path = System/Library/Frameworks/CoreLocation.framework; sourceTree = SDKROOT; };
		C59E8F781CCA1A4100E4F152 /* CoreTelephony.framework */ = {isa = PBXFileReference; lastKnownFileType = wrapper.framework; name = CoreTelephony.framework; path = System/Library/Frameworks/CoreTelephony.framework; sourceTree = SDKROOT; };
		C59E8F7A1CCA1A4900E4F152 /* Foundation.framework */ = {isa = PBXFileReference; lastKnownFileType = wrapper.framework; name = Foundation.framework; path = System/Library/Frameworks/Foundation.framework; sourceTree = SDKROOT; };
		C59E8F7C1CCA1A4F00E4F152 /* SystemConfiguration.framework */ = {isa = PBXFileReference; lastKnownFileType = wrapper.framework; name = SystemConfiguration.framework; path = System/Library/Frameworks/SystemConfiguration.framework; sourceTree = SDKROOT; };
		C59E8F7E1CCA1A5500E4F152 /* UIKit.framework */ = {isa = PBXFileReference; lastKnownFileType = wrapper.framework; name = UIKit.framework; path = System/Library/Frameworks/UIKit.framework; sourceTree = SDKROOT; };
		D805BC431DD2CD8000FD5DEE /* libSuntengMobileAdsSDK.a */ = {isa = PBXFileReference; lastKnownFileType = archive.ar; path = libSuntengMobileAdsSDK.a; sourceTree = "<group>"; };
		D805BC441DD2CD8000FD5DEE /* STMBannerView.h */ = {isa = PBXFileReference; fileEncoding = 4; lastKnownFileType = sourcecode.c.h; path = STMBannerView.h; sourceTree = "<group>"; };
		D805BC451DD2CD8000FD5DEE /* STMConstants.h */ = {isa = PBXFileReference; fileEncoding = 4; lastKnownFileType = sourcecode.c.h; path = STMConstants.h; sourceTree = "<group>"; };
		D805BC461DD2CD8000FD5DEE /* STMInterstitialAdController.h */ = {isa = PBXFileReference; fileEncoding = 4; lastKnownFileType = sourcecode.c.h; path = STMInterstitialAdController.h; sourceTree = "<group>"; };
		D805BC471DD2CD8000FD5DEE /* STMSplashAd.h */ = {isa = PBXFileReference; fileEncoding = 4; lastKnownFileType = sourcecode.c.h; path = STMSplashAd.h; sourceTree = "<group>"; };
		D805BC481DD2CD8000FD5DEE /* SuntengMobileAdsSDK.h */ = {isa = PBXFileReference; fileEncoding = 4; lastKnownFileType = sourcecode.c.h; path = SuntengMobileAdsSDK.h; sourceTree = "<group>"; };
		D86FAF3C1D17E8D7003432D8 /* StoreKit.framework */ = {isa = PBXFileReference; lastKnownFileType = wrapper.framework; name = StoreKit.framework; path = System/Library/Frameworks/StoreKit.framework; sourceTree = SDKROOT; };
		D86FAF531D17F379003432D8 /* LaunchImage.png */ = {isa = PBXFileReference; lastKnownFileType = image.png; path = LaunchImage.png; sourceTree = "<group>"; };
		D86FAF541D17F379003432D8 /* LaunchImage4.7@2x.png */ = {isa = PBXFileReference; lastKnownFileType = image.png; path = "LaunchImage4.7@2x.png"; sourceTree = "<group>"; };
		D86FAF551D17F379003432D8 /* LaunchImage4@2x.png */ = {isa = PBXFileReference; lastKnownFileType = image.png; path = "LaunchImage4@2x.png"; sourceTree = "<group>"; };
		D86FAF561D17F379003432D8 /* LaunchImage5.5@3x.png */ = {isa = PBXFileReference; lastKnownFileType = image.png; path = "LaunchImage5.5@3x.png"; sourceTree = "<group>"; };
		D86FAF571D17F379003432D8 /* LaunchImage@2x.png */ = {isa = PBXFileReference; lastKnownFileType = image.png; path = "LaunchImage@2x.png"; sourceTree = "<group>"; };
		D86FAF581D17F379003432D8 /* LaunchImage_Landscape.png */ = {isa = PBXFileReference; lastKnownFileType = image.png; path = LaunchImage_Landscape.png; sourceTree = "<group>"; };
		D86FAF591D17F379003432D8 /* LaunchImage_Landscape@2x.png */ = {isa = PBXFileReference; lastKnownFileType = image.png; path = "LaunchImage_Landscape@2x.png"; sourceTree = "<group>"; };
		D86FAF5A1D17F379003432D8 /* LaunchImage_Portrait.png */ = {isa = PBXFileReference; lastKnownFileType = image.png; path = LaunchImage_Portrait.png; sourceTree = "<group>"; };
		D86FAF5B1D17F379003432D8 /* LaunchImage_Portrait@2x.png */ = {isa = PBXFileReference; lastKnownFileType = image.png; path = "LaunchImage_Portrait@2x.png"; sourceTree = "<group>"; };
/* End PBXFileReference section */

/* Begin PBXFrameworksBuildPhase section */
		C59E8F4D1CCA165200E4F152 /* Frameworks */ = {
			isa = PBXFrameworksBuildPhase;
			buildActionMask = 2147483647;
			files = (
				D805BC491DD2CD8000FD5DEE /* libSuntengMobileAdsSDK.a in Frameworks */,
				D86FAF3D1D17E8D7003432D8 /* StoreKit.framework in Frameworks */,
				C59E8F7F1CCA1A5500E4F152 /* UIKit.framework in Frameworks */,
				C59E8F7D1CCA1A4F00E4F152 /* SystemConfiguration.framework in Frameworks */,
				C59E8F7B1CCA1A4900E4F152 /* Foundation.framework in Frameworks */,
				C59E8F791CCA1A4100E4F152 /* CoreTelephony.framework in Frameworks */,
				C59E8F771CCA1A3B00E4F152 /* CoreLocation.framework in Frameworks */,
				C59E8F751CCA1A3000E4F152 /* CoreGraphics.framework in Frameworks */,
				C59E8F731CCA1A2A00E4F152 /* CoreFoundation.framework in Frameworks */,
				C59E8F711CCA1A2300E4F152 /* AdSupport.framework in Frameworks */,
			);
			runOnlyForDeploymentPostprocessing = 0;
		};
/* End PBXFrameworksBuildPhase section */

/* Begin PBXGroup section */
		C59E8F471CCA165200E4F152 = {
			isa = PBXGroup;
			children = (
				C59E8F521CCA165200E4F152 /* STMobSDKSample */,
				C59E8F811CCA1A7900E4F152 /* Frameworks */,
				C59E8F511CCA165200E4F152 /* Products */,
			);
			sourceTree = "<group>";
		};
		C59E8F511CCA165200E4F152 /* Products */ = {
			isa = PBXGroup;
			children = (
				C59E8F501CCA165200E4F152 /* STMobSDKSample.app */,
			);
			name = Products;
			sourceTree = "<group>";
		};
		C59E8F521CCA165200E4F152 /* STMobSDKSample */ = {
			isa = PBXGroup;
			children = (
				D805BC421DD2CD8000FD5DEE /* STMobSDK */,
				D86FAF521D17F379003432D8 /* LaunchImages */,
				C59E8F561CCA165200E4F152 /* AppDelegate.h */,
				C59E8F571CCA165200E4F152 /* AppDelegate.m */,
				C59E8F591CCA165300E4F152 /* STMInterstitialAdViewController.h */,
				C59E8F5A1CCA165300E4F152 /* STMInterstitialAdViewController.m */,
				3366FC7F1D129E1D00AD792C /* STMBannerAdViewController.h */,
				3366FC801D129E1D00AD792C /* STMBannerAdViewController.m */,
				C59E8F5C1CCA165300E4F152 /* Main.storyboard */,
				C59E8F5F1CCA165300E4F152 /* Assets.xcassets */,
				C59E8F641CCA165300E4F152 /* Info.plist */,
				C59E8F531CCA165200E4F152 /* Supporting Files */,
			);
			path = STMobSDKSample;
			sourceTree = "<group>";
		};
		C59E8F531CCA165200E4F152 /* Supporting Files */ = {
			isa = PBXGroup;
			children = (
				C59E8F541CCA165200E4F152 /* main.m */,
				33D098721DD1D885005D78AA /* PrefixHeader.pch */,
			);
			name = "Supporting Files";
			sourceTree = "<group>";
		};
		C59E8F811CCA1A7900E4F152 /* Frameworks */ = {
			isa = PBXGroup;
			children = (
				C59E8F701CCA1A2300E4F152 /* AdSupport.framework */,
				C59E8F721CCA1A2A00E4F152 /* CoreFoundation.framework */,
				C59E8F741CCA1A3000E4F152 /* CoreGraphics.framework */,
				C59E8F761CCA1A3B00E4F152 /* CoreLocation.framework */,
				C59E8F781CCA1A4100E4F152 /* CoreTelephony.framework */,
				C59E8F7A1CCA1A4900E4F152 /* Foundation.framework */,
				D86FAF3C1D17E8D7003432D8 /* StoreKit.framework */,
				C59E8F7C1CCA1A4F00E4F152 /* SystemConfiguration.framework */,
				C59E8F7E1CCA1A5500E4F152 /* UIKit.framework */,
			);
			name = Frameworks;
			sourceTree = "<group>";
		};
		D805BC421DD2CD8000FD5DEE /* STMobSDK */ = {
			isa = PBXGroup;
			children = (
				D805BC431DD2CD8000FD5DEE /* libSuntengMobileAdsSDK.a */,
				D805BC441DD2CD8000FD5DEE /* STMBannerView.h */,
				D805BC451DD2CD8000FD5DEE /* STMConstants.h */,
				D805BC461DD2CD8000FD5DEE /* STMInterstitialAdController.h */,
				D805BC471DD2CD8000FD5DEE /* STMSplashAd.h */,
				D805BC481DD2CD8000FD5DEE /* SuntengMobileAdsSDK.h */,
			);
			name = STMobSDK;
			path = ../../STMobSDK;
			sourceTree = "<group>";
		};
		D86FAF521D17F379003432D8 /* LaunchImages */ = {
			isa = PBXGroup;
			children = (
				D86FAF531D17F379003432D8 /* LaunchImage.png */,
				D86FAF541D17F379003432D8 /* LaunchImage4.7@2x.png */,
				D86FAF551D17F379003432D8 /* LaunchImage4@2x.png */,
				D86FAF561D17F379003432D8 /* LaunchImage5.5@3x.png */,
				D86FAF571D17F379003432D8 /* LaunchImage@2x.png */,
				D86FAF581D17F379003432D8 /* LaunchImage_Landscape.png */,
				D86FAF591D17F379003432D8 /* LaunchImage_Landscape@2x.png */,
				D86FAF5A1D17F379003432D8 /* LaunchImage_Portrait.png */,
				D86FAF5B1D17F379003432D8 /* LaunchImage_Portrait@2x.png */,
			);
			path = LaunchImages;
			sourceTree = "<group>";
		};
/* End PBXGroup section */

/* Begin PBXNativeTarget section */
		C59E8F4F1CCA165200E4F152 /* STMobSDKSample */ = {
			isa = PBXNativeTarget;
			buildConfigurationList = C59E8F671CCA165300E4F152 /* Build configuration list for PBXNativeTarget "STMobSDKSample" */;
			buildPhases = (
				C59E8F4C1CCA165200E4F152 /* Sources */,
				C59E8F4D1CCA165200E4F152 /* Frameworks */,
				C59E8F4E1CCA165200E4F152 /* Resources */,
			);
			buildRules = (
			);
			dependencies = (
			);
			name = STMobSDKSample;
			productName = STMobSDKSample;
			productReference = C59E8F501CCA165200E4F152 /* STMobSDKSample.app */;
			productType = "com.apple.product-type.application";
		};
/* End PBXNativeTarget section */

/* Begin PBXProject section */
		C59E8F481CCA165200E4F152 /* Project object */ = {
			isa = PBXProject;
			attributes = {
				LastUpgradeCheck = 0720;
				ORGANIZATIONNAME = sunteng;
				TargetAttributes = {
					C59E8F4F1CCA165200E4F152 = {
						CreatedOnToolsVersion = 7.2;
						DevelopmentTeam = Q4J4V8H839;
					};
				};
			};
			buildConfigurationList = C59E8F4B1CCA165200E4F152 /* Build configuration list for PBXProject "STMobSDKSample" */;
			compatibilityVersion = "Xcode 3.2";
			developmentRegion = English;
			hasScannedForEncodings = 0;
			knownRegions = (
				en,
				Base,
			);
			mainGroup = C59E8F471CCA165200E4F152;
			productRefGroup = C59E8F511CCA165200E4F152 /* Products */;
			projectDirPath = "";
			projectRoot = "";
			targets = (
				C59E8F4F1CCA165200E4F152 /* STMobSDKSample */,
			);
		};
/* End PBXProject section */

/* Begin PBXResourcesBuildPhase section */
		C59E8F4E1CCA165200E4F152 /* Resources */ = {
			isa = PBXResourcesBuildPhase;
			buildActionMask = 2147483647;
			files = (
				D86FAF621D17F379003432D8 /* LaunchImage_Landscape@2x.png in Resources */,
				D86FAF641D17F379003432D8 /* LaunchImage_Portrait@2x.png in Resources */,
				D86FAF601D17F379003432D8 /* LaunchImage@2x.png in Resources */,
				C59E8F601CCA165300E4F152 /* Assets.xcassets in Resources */,
				D86FAF5E1D17F379003432D8 /* LaunchImage4@2x.png in Resources */,
				D86FAF5D1D17F379003432D8 /* LaunchImage4.7@2x.png in Resources */,
				D86FAF611D17F379003432D8 /* LaunchImage_Landscape.png in Resources */,
				C59E8F5E1CCA165300E4F152 /* Main.storyboard in Resources */,
				D86FAF631D17F379003432D8 /* LaunchImage_Portrait.png in Resources */,
				D86FAF5C1D17F379003432D8 /* LaunchImage.png in Resources */,
				D86FAF5F1D17F379003432D8 /* LaunchImage5.5@3x.png in Resources */,
			);
			runOnlyForDeploymentPostprocessing = 0;
		};
/* End PBXResourcesBuildPhase section */

/* Begin PBXSourcesBuildPhase section */
		C59E8F4C1CCA165200E4F152 /* Sources */ = {
			isa = PBXSourcesBuildPhase;
			buildActionMask = 2147483647;
			files = (
				3366FC811D129E1D00AD792C /* STMBannerAdViewController.m in Sources */,
				C59E8F5B1CCA165300E4F152 /* STMInterstitialAdViewController.m in Sources */,
				C59E8F581CCA165200E4F152 /* AppDelegate.m in Sources */,
				C59E8F551CCA165200E4F152 /* main.m in Sources */,
			);
			runOnlyForDeploymentPostprocessing = 0;
		};
/* End PBXSourcesBuildPhase section */

/* Begin PBXVariantGroup section */
		C59E8F5C1CCA165300E4F152 /* Main.storyboard */ = {
			isa = PBXVariantGroup;
			children = (
				C59E8F5D1CCA165300E4F152 /* Base */,
			);
			name = Main.storyboard;
			sourceTree = "<group>";
		};
/* End PBXVariantGroup section */

/* Begin XCBuildConfiguration section */
		C59E8F651CCA165300E4F152 /* Debug */ = {
			isa = XCBuildConfiguration;
			buildSettings = {
				ALWAYS_SEARCH_USER_PATHS = NO;
				CLANG_CXX_LANGUAGE_STANDARD = "gnu++0x";
				CLANG_CXX_LIBRARY = "libc++";
				CLANG_ENABLE_MODULES = YES;
				CLANG_ENABLE_OBJC_ARC = YES;
				CLANG_WARN_BOOL_CONVERSION = YES;
				CLANG_WARN_CONSTANT_CONVERSION = YES;
				CLANG_WARN_DIRECT_OBJC_ISA_USAGE = YES_ERROR;
				CLANG_WARN_EMPTY_BODY = YES;
				CLANG_WARN_ENUM_CONVERSION = YES;
				CLANG_WARN_INT_CONVERSION = YES;
				CLANG_WARN_OBJC_ROOT_CLASS = YES_ERROR;
				CLANG_WARN_UNREACHABLE_CODE = YES;
				CLANG_WARN__DUPLICATE_METHOD_MATCH = YES;
				"CODE_SIGN_IDENTITY[sdk=iphoneos*]" = "iPhone Developer";
				COPY_PHASE_STRIP = NO;
				DEBUG_INFORMATION_FORMAT = dwarf;
				ENABLE_STRICT_OBJC_MSGSEND = YES;
				ENABLE_TESTABILITY = YES;
				GCC_C_LANGUAGE_STANDARD = gnu99;
				GCC_DYNAMIC_NO_PIC = NO;
				GCC_NO_COMMON_BLOCKS = YES;
				GCC_OPTIMIZATION_LEVEL = 0;
				GCC_PRECOMPILE_PREFIX_HEADER = YES;
				GCC_PREFIX_HEADER = "$(SRCROOT)/STMobSDKSample/PrefixHeader.pch";
				GCC_PREPROCESSOR_DEFINITIONS = (
					"DEBUG=1",
					"$(inherited)",
				);
				GCC_WARN_64_TO_32_BIT_CONVERSION = YES;
				GCC_WARN_ABOUT_RETURN_TYPE = YES_ERROR;
				GCC_WARN_UNDECLARED_SELECTOR = YES;
				GCC_WARN_UNINITIALIZED_AUTOS = YES_AGGRESSIVE;
				GCC_WARN_UNUSED_FUNCTION = YES;
				GCC_WARN_UNUSED_VARIABLE = YES;
				IPHONEOS_DEPLOYMENT_TARGET = 6.0;
				MTL_ENABLE_DEBUG_INFO = YES;
				ONLY_ACTIVE_ARCH = YES;
				SDKROOT = iphoneos;
				TARGETED_DEVICE_FAMILY = "1,2";
			};
			name = Debug;
		};
		C59E8F661CCA165300E4F152 /* Release */ = {
			isa = XCBuildConfiguration;
			buildSettings = {
				ALWAYS_SEARCH_USER_PATHS = NO;
				CLANG_CXX_LANGUAGE_STANDARD = "gnu++0x";
				CLANG_CXX_LIBRARY = "libc++";
				CLANG_ENABLE_MODULES = YES;
				CLANG_ENABLE_OBJC_ARC = YES;
				CLANG_WARN_BOOL_CONVERSION = YES;
				CLANG_WARN_CONSTANT_CONVERSION = YES;
				CLANG_WARN_DIRECT_OBJC_ISA_USAGE = YES_ERROR;
				CLANG_WARN_EMPTY_BODY = YES;
				CLANG_WARN_ENUM_CONVERSION = YES;
				CLANG_WARN_INT_CONVERSION = YES;
				CLANG_WARN_OBJC_ROOT_CLASS = YES_ERROR;
				CLANG_WARN_UNREACHABLE_CODE = YES;
				CLANG_WARN__DUPLICATE_METHOD_MATCH = YES;
				"CODE_SIGN_IDENTITY[sdk=iphoneos*]" = "iPhone Developer";
				COPY_PHASE_STRIP = NO;
				DEBUG_INFORMATION_FORMAT = "dwarf-with-dsym";
				ENABLE_NS_ASSERTIONS = NO;
				ENABLE_STRICT_OBJC_MSGSEND = YES;
				GCC_C_LANGUAGE_STANDARD = gnu99;
				GCC_NO_COMMON_BLOCKS = YES;
				GCC_PRECOMPILE_PREFIX_HEADER = YES;
				GCC_PREFIX_HEADER = "$(SRCROOT)/STMobSDKSample/PrefixHeader.pch";
				GCC_WARN_64_TO_32_BIT_CONVERSION = YES;
				GCC_WARN_ABOUT_RETURN_TYPE = YES_ERROR;
				GCC_WARN_UNDECLARED_SELECTOR = YES;
				GCC_WARN_UNINITIALIZED_AUTOS = YES_AGGRESSIVE;
				GCC_WARN_UNUSED_FUNCTION = YES;
				GCC_WARN_UNUSED_VARIABLE = YES;
				IPHONEOS_DEPLOYMENT_TARGET = 6.0;
				MTL_ENABLE_DEBUG_INFO = NO;
				SDKROOT = iphoneos;
				TARGETED_DEVICE_FAMILY = "1,2";
				VALIDATE_PRODUCT = YES;
			};
			name = Release;
		};
		C59E8F681CCA165300E4F152 /* Debug */ = {
			isa = XCBuildConfiguration;
			buildSettings = {
				ASSETCATALOG_COMPILER_APPICON_NAME = AppIcon;
				ASSETCATALOG_COMPILER_LAUNCHIMAGE_NAME = LaunchImage;
				CODE_SIGN_IDENTITY = "iPhone Developer";
				DEVELOPMENT_TEAM = Q4J4V8H839;
				GCC_PRECOMPILE_PREFIX_HEADER = YES;
				GCC_PREFIX_HEADER = "$(SRCROOT)/STMobSDKSample/PrefixHeader.pch";
				INFOPLIST_FILE = STMobSDKSample/Info.plist;
				INFOPLIST_PREFIX_HEADER = "";
				INFOPLIST_PREPROCESS = NO;
				IPHONEOS_DEPLOYMENT_TARGET = 6.0;
				LD_RUNPATH_SEARCH_PATHS = "$(inherited) @executable_path/Frameworks";
				LIBRARY_SEARCH_PATHS = (
					"$(inherited)",
					"$(PROJECT_DIR)/../STMobSDK",
				);
				OTHER_LDFLAGS = "-ObjC";
				PRODUCT_BUNDLE_IDENTIFIER = com.sunteng.STMobSDKSample;
				PRODUCT_NAME = "$(TARGET_NAME)";
				PROVISIONING_PROFILE = "";
			};
			name = Debug;
		};
		C59E8F691CCA165300E4F152 /* Release */ = {
			isa = XCBuildConfiguration;
			buildSettings = {
				ASSETCATALOG_COMPILER_APPICON_NAME = AppIcon;
				ASSETCATALOG_COMPILER_LAUNCHIMAGE_NAME = LaunchImage;
				CODE_SIGN_IDENTITY = "iPhone Distribution";
				DEVELOPMENT_TEAM = Q4J4V8H839;
				GCC_PRECOMPILE_PREFIX_HEADER = YES;
				GCC_PREFIX_HEADER = "$(SRCROOT)/STMobSDKSample/PrefixHeader.pch";
				INFOPLIST_FILE = STMobSDKSample/Info.plist;
				INFOPLIST_PREFIX_HEADER = "";
				INFOPLIST_PREPROCESS = NO;
				IPHONEOS_DEPLOYMENT_TARGET = 6.0;
				LD_RUNPATH_SEARCH_PATHS = "$(inherited) @executable_path/Frameworks";
				LIBRARY_SEARCH_PATHS = (
					"$(inherited)",
					"$(PROJECT_DIR)/../STMobSDK",
				);
				OTHER_LDFLAGS = "-ObjC";
				PRODUCT_BUNDLE_IDENTIFIER = com.sunteng.STMobSDKSample;
				PRODUCT_NAME = "$(TARGET_NAME)";
				PROVISIONING_PROFILE = "";
			};
			name = Release;
		};
/* End XCBuildConfiguration section */

/* Begin XCConfigurationList section */
		C59E8F4B1CCA165200E4F152 /* Build configuration list for PBXProject "STMobSDKSample" */ = {
			isa = XCConfigurationList;
			buildConfigurations = (
				C59E8F651CCA165300E4F152 /* Debug */,
				C59E8F661CCA165300E4F152 /* Release */,
			);
			defaultConfigurationIsVisible = 0;
			defaultConfigurationName = Release;
		};
		C59E8F671CCA165300E4F152 /* Build configuration list for PBXNativeTarget "STMobSDKSample" */ = {
			isa = XCConfigurationList;
			buildConfigurations = (
				C59E8F681CCA165300E4F152 /* Debug */,
				C59E8F691CCA165300E4F152 /* Release */,
			);
			defaultConfigurationIsVisible = 0;
			defaultConfigurationName = Release;
		};
/* End XCConfigurationList section */
	};
	rootObject = C59E8F481CCA165200E4F152 /* Project object */;
}
