// !$*UTF8*$!
{
	archiveVersion = 1;
	classes = {
	};
	objectVersion = 46;
	objects = {

/* Begin PBXBuildFile section */
		330EC12D1E83B3E9007F4F8B /* libz.tbd in Frameworks */ = {isa = PBXBuildFile; fileRef = 330EC12C1E83B3E9007F4F8B /* libz.tbd */; };
		330EC1301E83C6C6007F4F8B /* SMADemoModalVideoViewController.m in Sources */ = {isa = PBXBuildFile; fileRef = 330EC12F1E83C6C6007F4F8B /* SMADemoModalVideoViewController.m */; };
		330EC1331E83C6E0007F4F8B /* SMADemoWindowVideoViewController.m in Sources */ = {isa = PBXBuildFile; fileRef = 330EC1321E83C6E0007F4F8B /* SMADemoWindowVideoViewController.m */; };
		3366FC811D129E1D00AD792C /* SMADemoBannerAdViewController.m in Sources */ = {isa = PBXBuildFile; fileRef = 3366FC801D129E1D00AD792C /* SMADemoBannerAdViewController.m */; };
		33F434DA1DE53F4E005B8189 /* SMADemoNativeAdViewController.m in Sources */ = {isa = PBXBuildFile; fileRef = 33F434D91DE53F4E005B8189 /* SMADemoNativeAdViewController.m */; };
		33F434DC1DE56DF0005B8189 /* CustomNativeAdView.xib in Resources */ = {isa = PBXBuildFile; fileRef = 33F434DB1DE56DF0005B8189 /* CustomNativeAdView.xib */; };
		33F434E11DE574F0005B8189 /* CustomNativeAdView.m in Sources */ = {isa = PBXBuildFile; fileRef = 33F434E01DE574F0005B8189 /* CustomNativeAdView.m */; };
		33F434E51DE58EA0005B8189 /* CustomNativeAdCell.m in Sources */ = {isa = PBXBuildFile; fileRef = 33F434E41DE58EA0005B8189 /* CustomNativeAdCell.m */; };
		33F434E81DE590D3005B8189 /* SMADemoNativeAdTableViewController.m in Sources */ = {isa = PBXBuildFile; fileRef = 33F434E71DE590D3005B8189 /* SMADemoNativeAdTableViewController.m */; };
		C59E8F551CCA165200E4F152 /* main.m in Sources */ = {isa = PBXBuildFile; fileRef = C59E8F541CCA165200E4F152 /* main.m */; };
		C59E8F581CCA165200E4F152 /* AppDelegate.m in Sources */ = {isa = PBXBuildFile; fileRef = C59E8F571CCA165200E4F152 /* AppDelegate.m */; };
		C59E8F5B1CCA165300E4F152 /* SMADemoInterstitialAdViewController.m in Sources */ = {isa = PBXBuildFile; fileRef = C59E8F5A1CCA165300E4F152 /* SMADemoInterstitialAdViewController.m */; };
		C59E8F5E1CCA165300E4F152 /* Main.storyboard in Resources */ = {isa = PBXBuildFile; fileRef = C59E8F5C1CCA165300E4F152 /* Main.storyboard */; };
		C59E8F601CCA165300E4F152 /* Assets.xcassets in Resources */ = {isa = PBXBuildFile; fileRef = C59E8F5F1CCA165300E4F152 /* Assets.xcassets */; };
		C59E8F711CCA1A2300E4F152 /* AdSupport.framework in Frameworks */ = {isa = PBXBuildFile; fileRef = C59E8F701CCA1A2300E4F152 /* AdSupport.framework */; };
		C59E8F771CCA1A3B00E4F152 /* CoreLocation.framework in Frameworks */ = {isa = PBXBuildFile; fileRef = C59E8F761CCA1A3B00E4F152 /* CoreLocation.framework */; };
		C59E8F791CCA1A4100E4F152 /* CoreTelephony.framework in Frameworks */ = {isa = PBXBuildFile; fileRef = C59E8F781CCA1A4100E4F152 /* CoreTelephony.framework */; };
		C59E8F7B1CCA1A4900E4F152 /* Foundation.framework in Frameworks */ = {isa = PBXBuildFile; fileRef = C59E8F7A1CCA1A4900E4F152 /* Foundation.framework */; };
		C59E8F7D1CCA1A4F00E4F152 /* SystemConfiguration.framework in Frameworks */ = {isa = PBXBuildFile; fileRef = C59E8F7C1CCA1A4F00E4F152 /* SystemConfiguration.framework */; };
		C59E8F7F1CCA1A5500E4F152 /* UIKit.framework in Frameworks */ = {isa = PBXBuildFile; fileRef = C59E8F7E1CCA1A5500E4F152 /* UIKit.framework */; };
		D802464A1EC5BFEE00679906 /* SMADemoPreMovieViewController.m in Sources */ = {isa = PBXBuildFile; fileRef = D80246491EC5BFEE00679906 /* SMADemoPreMovieViewController.m */; };
		D86FAF5C1D17F379003432D8 /* LaunchImage.png in Resources */ = {isa = PBXBuildFile; fileRef = D86FAF531D17F379003432D8 /* LaunchImage.png */; };
		D86FAF5D1D17F379003432D8 /* LaunchImage4.7@2x.png in Resources */ = {isa = PBXBuildFile; fileRef = D86FAF541D17F379003432D8 /* LaunchImage4.7@2x.png */; };
		D86FAF5E1D17F379003432D8 /* LaunchImage4@2x.png in Resources */ = {isa = PBXBuildFile; fileRef = D86FAF551D17F379003432D8 /* LaunchImage4@2x.png */; };
		D86FAF5F1D17F379003432D8 /* LaunchImage5.5@3x.png in Resources */ = {isa = PBXBuildFile; fileRef = D86FAF561D17F379003432D8 /* LaunchImage5.5@3x.png */; };
		D86FAF601D17F379003432D8 /* LaunchImage@2x.png in Resources */ = {isa = PBXBuildFile; fileRef = D86FAF571D17F379003432D8 /* LaunchImage@2x.png */; };
		D86FAF611D17F379003432D8 /* LaunchImage_Landscape.png in Resources */ = {isa = PBXBuildFile; fileRef = D86FAF581D17F379003432D8 /* LaunchImage_Landscape.png */; };
		D86FAF621D17F379003432D8 /* LaunchImage_Landscape@2x.png in Resources */ = {isa = PBXBuildFile; fileRef = D86FAF591D17F379003432D8 /* LaunchImage_Landscape@2x.png */; };
		D86FAF631D17F379003432D8 /* LaunchImage_Portrait.png in Resources */ = {isa = PBXBuildFile; fileRef = D86FAF5A1D17F379003432D8 /* LaunchImage_Portrait.png */; };
		D86FAF641D17F379003432D8 /* LaunchImage_Portrait@2x.png in Resources */ = {isa = PBXBuildFile; fileRef = D86FAF5B1D17F379003432D8 /* LaunchImage_Portrait@2x.png */; };
		D8C106CE1E88F68300FDC4D7 /* libSuntengMobileAds.a in Frameworks */ = {isa = PBXBuildFile; fileRef = D8C106C31E88F68300FDC4D7 /* libSuntengMobileAds.a */; };
		D8C106D01E88F6C400FDC4D7 /* AVFoundation.framework in Frameworks */ = {isa = PBXBuildFile; fileRef = D8C106CF1E88F6C400FDC4D7 /* AVFoundation.framework */; };
		D8C106D21E88F6E000FDC4D7 /* StoreKit.framework in Frameworks */ = {isa = PBXBuildFile; fileRef = D8C106D11E88F6DF00FDC4D7 /* StoreKit.framework */; };
/* End PBXBuildFile section */

/* Begin PBXFileReference section */
		330EC12C1E83B3E9007F4F8B /* libz.tbd */ = {isa = PBXFileReference; lastKnownFileType = "sourcecode.text-based-dylib-definition"; name = libz.tbd; path = usr/lib/libz.tbd; sourceTree = SDKROOT; };
		330EC12E1E83C6C6007F4F8B /* SMADemoModalVideoViewController.h */ = {isa = PBXFileReference; fileEncoding = 4; lastKnownFileType = sourcecode.c.h; path = SMADemoModalVideoViewController.h; sourceTree = "<group>"; };
		330EC12F1E83C6C6007F4F8B /* SMADemoModalVideoViewController.m */ = {isa = PBXFileReference; fileEncoding = 4; lastKnownFileType = sourcecode.c.objc; path = SMADemoModalVideoViewController.m; sourceTree = "<group>"; };
		330EC1311E83C6E0007F4F8B /* SMADemoWindowVideoViewController.h */ = {isa = PBXFileReference; fileEncoding = 4; lastKnownFileType = sourcecode.c.h; path = SMADemoWindowVideoViewController.h; sourceTree = "<group>"; };
		330EC1321E83C6E0007F4F8B /* SMADemoWindowVideoViewController.m */ = {isa = PBXFileReference; fileEncoding = 4; lastKnownFileType = sourcecode.c.objc; path = SMADemoWindowVideoViewController.m; sourceTree = "<group>"; };
		3366FC7F1D129E1D00AD792C /* SMADemoBannerAdViewController.h */ = {isa = PBXFileReference; fileEncoding = 4; lastKnownFileType = sourcecode.c.h; path = SMADemoBannerAdViewController.h; sourceTree = "<group>"; };
		3366FC801D129E1D00AD792C /* SMADemoBannerAdViewController.m */ = {isa = PBXFileReference; fileEncoding = 4; lastKnownFileType = sourcecode.c.objc; path = SMADemoBannerAdViewController.m; sourceTree = "<group>"; };
		33D098721DD1D885005D78AA /* PrefixHeader.pch */ = {isa = PBXFileReference; fileEncoding = 4; lastKnownFileType = sourcecode.c.h; path = PrefixHeader.pch; sourceTree = "<group>"; };
		33F434D81DE53F4E005B8189 /* SMADemoNativeAdViewController.h */ = {isa = PBXFileReference; fileEncoding = 4; lastKnownFileType = sourcecode.c.h; path = SMADemoNativeAdViewController.h; sourceTree = "<group>"; };
		33F434D91DE53F4E005B8189 /* SMADemoNativeAdViewController.m */ = {isa = PBXFileReference; fileEncoding = 4; lastKnownFileType = sourcecode.c.objc; path = SMADemoNativeAdViewController.m; sourceTree = "<group>"; };
		33F434DB1DE56DF0005B8189 /* CustomNativeAdView.xib */ = {isa = PBXFileReference; fileEncoding = 4; lastKnownFileType = file.xib; path = CustomNativeAdView.xib; sourceTree = "<group>"; };
		33F434DF1DE574F0005B8189 /* CustomNativeAdView.h */ = {isa = PBXFileReference; fileEncoding = 4; lastKnownFileType = sourcecode.c.h; path = CustomNativeAdView.h; sourceTree = "<group>"; };
		33F434E01DE574F0005B8189 /* CustomNativeAdView.m */ = {isa = PBXFileReference; fileEncoding = 4; lastKnownFileType = sourcecode.c.objc; path = CustomNativeAdView.m; sourceTree = "<group>"; };
		33F434E31DE58EA0005B8189 /* CustomNativeAdCell.h */ = {isa = PBXFileReference; fileEncoding = 4; lastKnownFileType = sourcecode.c.h; path = CustomNativeAdCell.h; sourceTree = "<group>"; };
		33F434E41DE58EA0005B8189 /* CustomNativeAdCell.m */ = {isa = PBXFileReference; fileEncoding = 4; lastKnownFileType = sourcecode.c.objc; path = CustomNativeAdCell.m; sourceTree = "<group>"; };
		33F434E61DE590D3005B8189 /* SMADemoNativeAdTableViewController.h */ = {isa = PBXFileReference; fileEncoding = 4; lastKnownFileType = sourcecode.c.h; path = SMADemoNativeAdTableViewController.h; sourceTree = "<group>"; };
		33F434E71DE590D3005B8189 /* SMADemoNativeAdTableViewController.m */ = {isa = PBXFileReference; fileEncoding = 4; lastKnownFileType = sourcecode.c.objc; path = SMADemoNativeAdTableViewController.m; sourceTree = "<group>"; };
		C59E8F501CCA165200E4F152 /* STMobSDKSample.app */ = {isa = PBXFileReference; explicitFileType = wrapper.application; includeInIndex = 0; path = STMobSDKSample.app; sourceTree = BUILT_PRODUCTS_DIR; };
		C59E8F541CCA165200E4F152 /* main.m */ = {isa = PBXFileReference; lastKnownFileType = sourcecode.c.objc; path = main.m; sourceTree = "<group>"; };
		C59E8F561CCA165200E4F152 /* AppDelegate.h */ = {isa = PBXFileReference; lastKnownFileType = sourcecode.c.h; path = AppDelegate.h; sourceTree = "<group>"; };
		C59E8F571CCA165200E4F152 /* AppDelegate.m */ = {isa = PBXFileReference; lastKnownFileType = sourcecode.c.objc; path = AppDelegate.m; sourceTree = "<group>"; };
		C59E8F591CCA165300E4F152 /* SMADemoInterstitialAdViewController.h */ = {isa = PBXFileReference; lastKnownFileType = sourcecode.c.h; path = SMADemoInterstitialAdViewController.h; sourceTree = "<group>"; };
		C59E8F5A1CCA165300E4F152 /* SMADemoInterstitialAdViewController.m */ = {isa = PBXFileReference; lastKnownFileType = sourcecode.c.objc; path = SMADemoInterstitialAdViewController.m; sourceTree = "<group>"; };
		C59E8F5D1CCA165300E4F152 /* Base */ = {isa = PBXFileReference; lastKnownFileType = file.storyboard; name = Base; path = Base.lproj/Main.storyboard; sourceTree = "<group>"; };
		C59E8F5F1CCA165300E4F152 /* Assets.xcassets */ = {isa = PBXFileReference; lastKnownFileType = folder.assetcatalog; path = Assets.xcassets; sourceTree = "<group>"; };
		C59E8F641CCA165300E4F152 /* Info.plist */ = {isa = PBXFileReference; lastKnownFileType = text.plist.xml; path = Info.plist; sourceTree = "<group>"; };
		C59E8F701CCA1A2300E4F152 /* AdSupport.framework */ = {isa = PBXFileReference; lastKnownFileType = wrapper.framework; name = AdSupport.framework; path = System/Library/Frameworks/AdSupport.framework; sourceTree = SDKROOT; };
		C59E8F741CCA1A3000E4F152 /* CoreGraphics.framework */ = {isa = PBXFileReference; lastKnownFileType = wrapper.framework; name = CoreGraphics.framework; path = System/Library/Frameworks/CoreGraphics.framework; sourceTree = SDKROOT; };
		C59E8F761CCA1A3B00E4F152 /* CoreLocation.framework */ = {isa = PBXFileReference; lastKnownFileType = wrapper.framework; name = CoreLocation.framework; path = System/Library/Frameworks/CoreLocation.framework; sourceTree = SDKROOT; };
		C59E8F781CCA1A4100E4F152 /* CoreTelephony.framework */ = {isa = PBXFileReference; lastKnownFileType = wrapper.framework; name = CoreTelephony.framework; path = System/Library/Frameworks/CoreTelephony.framework; sourceTree = SDKROOT; };
		C59E8F7A1CCA1A4900E4F152 /* Foundation.framework */ = {isa = PBXFileReference; lastKnownFileType = wrapper.framework; name = Foundation.framework; path = System/Library/Frameworks/Foundation.framework; sourceTree = SDKROOT; };
		C59E8F7C1CCA1A4F00E4F152 /* SystemConfiguration.framework */ = {isa = PBXFileReference; lastKnownFileType = wrapper.framework; name = SystemConfiguration.framework; path = System/Library/Frameworks/SystemConfiguration.framework; sourceTree = SDKROOT; };
		C59E8F7E1CCA1A5500E4F152 /* UIKit.framework */ = {isa = PBXFileReference; lastKnownFileType = wrapper.framework; name = UIKit.framework; path = System/Library/Frameworks/UIKit.framework; sourceTree = SDKROOT; };
		D80246471EC5BF8F00679906 /* SMAPreMovieAd.h */ = {isa = PBXFileReference; fileEncoding = 4; lastKnownFileType = sourcecode.c.h; path = SMAPreMovieAd.h; sourceTree = "<group>"; };
		D80246481EC5BFEE00679906 /* SMADemoPreMovieViewController.h */ = {isa = PBXFileReference; fileEncoding = 4; lastKnownFileType = sourcecode.c.h; path = SMADemoPreMovieViewController.h; sourceTree = "<group>"; };
		D80246491EC5BFEE00679906 /* SMADemoPreMovieViewController.m */ = {isa = PBXFileReference; fileEncoding = 4; lastKnownFileType = sourcecode.c.objc; path = SMADemoPreMovieViewController.m; sourceTree = "<group>"; };
		D86FAF531D17F379003432D8 /* LaunchImage.png */ = {isa = PBXFileReference; lastKnownFileType = image.png; path = LaunchImage.png; sourceTree = "<group>"; };
		D86FAF541D17F379003432D8 /* LaunchImage4.7@2x.png */ = {isa = PBXFileReference; lastKnownFileType = image.png; path = "LaunchImage4.7@2x.png"; sourceTree = "<group>"; };
		D86FAF551D17F379003432D8 /* LaunchImage4@2x.png */ = {isa = PBXFileReference; lastKnownFileType = image.png; path = "LaunchImage4@2x.png"; sourceTree = "<group>"; };
		D86FAF561D17F379003432D8 /* LaunchImage5.5@3x.png */ = {isa = PBXFileReference; lastKnownFileType = image.png; path = "LaunchImage5.5@3x.png"; sourceTree = "<group>"; };
		D86FAF571D17F379003432D8 /* LaunchImage@2x.png */ = {isa = PBXFileReference; lastKnownFileType = image.png; path = "LaunchImage@2x.png"; sourceTree = "<group>"; };
		D86FAF581D17F379003432D8 /* LaunchImage_Landscape.png */ = {isa = PBXFileReference; lastKnownFileType = image.png; path = LaunchImage_Landscape.png; sourceTree = "<group>"; };
		D86FAF591D17F379003432D8 /* LaunchImage_Landscape@2x.png */ = {isa = PBXFileReference; lastKnownFileType = image.png; path = "LaunchImage_Landscape@2x.png"; sourceTree = "<group>"; };
		D86FAF5A1D17F379003432D8 /* LaunchImage_Portrait.png */ = {isa = PBXFileReference; lastKnownFileType = image.png; path = LaunchImage_Portrait.png; sourceTree = "<group>"; };
		D86FAF5B1D17F379003432D8 /* LaunchImage_Portrait@2x.png */ = {isa = PBXFileReference; lastKnownFileType = image.png; path = "LaunchImage_Portrait@2x.png"; sourceTree = "<group>"; };
		D8C106C31E88F68300FDC4D7 /* libSuntengMobileAds.a */ = {isa = PBXFileReference; lastKnownFileType = archive.ar; path = libSuntengMobileAds.a; sourceTree = "<group>"; };
		D8C106C41E88F68300FDC4D7 /* SMABannerView.h */ = {isa = PBXFileReference; fileEncoding = 4; lastKnownFileType = sourcecode.c.h; path = SMABannerView.h; sourceTree = "<group>"; };
		D8C106C51E88F68300FDC4D7 /* SMAConstants.h */ = {isa = PBXFileReference; fileEncoding = 4; lastKnownFileType = sourcecode.c.h; path = SMAConstants.h; sourceTree = "<group>"; };
		D8C106C61E88F68300FDC4D7 /* SMAInterstitialAdController.h */ = {isa = PBXFileReference; fileEncoding = 4; lastKnownFileType = sourcecode.c.h; path = SMAInterstitialAdController.h; sourceTree = "<group>"; };
		D8C106C71E88F68300FDC4D7 /* SMAModalVideoAd.h */ = {isa = PBXFileReference; fileEncoding = 4; lastKnownFileType = sourcecode.c.h; path = SMAModalVideoAd.h; sourceTree = "<group>"; };
		D8C106C81E88F68300FDC4D7 /* SMANativeAd.h */ = {isa = PBXFileReference; fileEncoding = 4; lastKnownFileType = sourcecode.c.h; path = SMANativeAd.h; sourceTree = "<group>"; };
		D8C106C91E88F68300FDC4D7 /* SMANativeAdImage.h */ = {isa = PBXFileReference; fileEncoding = 4; lastKnownFileType = sourcecode.c.h; path = SMANativeAdImage.h; sourceTree = "<group>"; };
		D8C106CA1E88F68300FDC4D7 /* SMANativeAdView.h */ = {isa = PBXFileReference; fileEncoding = 4; lastKnownFileType = sourcecode.c.h; path = SMANativeAdView.h; sourceTree = "<group>"; };
		D8C106CB1E88F68300FDC4D7 /* SMASplashAd.h */ = {isa = PBXFileReference; fileEncoding = 4; lastKnownFileType = sourcecode.c.h; path = SMASplashAd.h; sourceTree = "<group>"; };
		D8C106CC1E88F68300FDC4D7 /* SMAWindowVideoAd.h */ = {isa = PBXFileReference; fileEncoding = 4; lastKnownFileType = sourcecode.c.h; path = SMAWindowVideoAd.h; sourceTree = "<group>"; };
		D8C106CD1E88F68300FDC4D7 /* SuntengMobileAds.h */ = {isa = PBXFileReference; fileEncoding = 4; lastKnownFileType = sourcecode.c.h; path = SuntengMobileAds.h; sourceTree = "<group>"; };
		D8C106CF1E88F6C400FDC4D7 /* AVFoundation.framework */ = {isa = PBXFileReference; lastKnownFileType = wrapper.framework; name = AVFoundation.framework; path = System/Library/Frameworks/AVFoundation.framework; sourceTree = SDKROOT; };
		D8C106D11E88F6DF00FDC4D7 /* StoreKit.framework */ = {isa = PBXFileReference; lastKnownFileType = wrapper.framework; name = StoreKit.framework; path = System/Library/Frameworks/StoreKit.framework; sourceTree = SDKROOT; };
/* End PBXFileReference section */

/* Begin PBXFrameworksBuildPhase section */
		C59E8F4D1CCA165200E4F152 /* Frameworks */ = {
			isa = PBXFrameworksBuildPhase;
			buildActionMask = 2147483647;
			files = (
				C59E8F711CCA1A2300E4F152 /* AdSupport.framework in Frameworks */,
				D8C106D01E88F6C400FDC4D7 /* AVFoundation.framework in Frameworks */,
				C59E8F771CCA1A3B00E4F152 /* CoreLocation.framework in Frameworks */,
				C59E8F791CCA1A4100E4F152 /* CoreTelephony.framework in Frameworks */,
				C59E8F7B1CCA1A4900E4F152 /* Foundation.framework in Frameworks */,
				D8C106D21E88F6E000FDC4D7 /* StoreKit.framework in Frameworks */,
				C59E8F7D1CCA1A4F00E4F152 /* SystemConfiguration.framework in Frameworks */,
				C59E8F7F1CCA1A5500E4F152 /* UIKit.framework in Frameworks */,
				330EC12D1E83B3E9007F4F8B /* libz.tbd in Frameworks */,
				D8C106CE1E88F68300FDC4D7 /* libSuntengMobileAds.a in Frameworks */,
			);
			runOnlyForDeploymentPostprocessing = 0;
		};
/* End PBXFrameworksBuildPhase section */

/* Begin PBXGroup section */
		C59E8F471CCA165200E4F152 = {
			isa = PBXGroup;
			children = (
				C59E8F521CCA165200E4F152 /* STMobSDKSample */,
				C59E8F811CCA1A7900E4F152 /* Frameworks */,
				C59E8F511CCA165200E4F152 /* Products */,
			);
			sourceTree = "<group>";
		};
		C59E8F511CCA165200E4F152 /* Products */ = {
			isa = PBXGroup;
			children = (
				C59E8F501CCA165200E4F152 /* STMobSDKSample.app */,
			);
			name = Products;
			sourceTree = "<group>";
		};
		C59E8F521CCA165200E4F152 /* STMobSDKSample */ = {
			isa = PBXGroup;
			children = (
				D8C106C21E88F68300FDC4D7 /* SuntengMobileAds */,
				D86FAF521D17F379003432D8 /* LaunchImages */,
				C59E8F561CCA165200E4F152 /* AppDelegate.h */,
				C59E8F571CCA165200E4F152 /* AppDelegate.m */,
				C59E8F591CCA165300E4F152 /* SMADemoInterstitialAdViewController.h */,
				C59E8F5A1CCA165300E4F152 /* SMADemoInterstitialAdViewController.m */,
				3366FC7F1D129E1D00AD792C /* SMADemoBannerAdViewController.h */,
				3366FC801D129E1D00AD792C /* SMADemoBannerAdViewController.m */,
				33F434D81DE53F4E005B8189 /* SMADemoNativeAdViewController.h */,
				33F434D91DE53F4E005B8189 /* SMADemoNativeAdViewController.m */,
				33F434DF1DE574F0005B8189 /* CustomNativeAdView.h */,
				33F434E01DE574F0005B8189 /* CustomNativeAdView.m */,
				33F434DB1DE56DF0005B8189 /* CustomNativeAdView.xib */,
				33F434E31DE58EA0005B8189 /* CustomNativeAdCell.h */,
				33F434E41DE58EA0005B8189 /* CustomNativeAdCell.m */,
				33F434E61DE590D3005B8189 /* SMADemoNativeAdTableViewController.h */,
				33F434E71DE590D3005B8189 /* SMADemoNativeAdTableViewController.m */,
				330EC12E1E83C6C6007F4F8B /* SMADemoModalVideoViewController.h */,
				330EC12F1E83C6C6007F4F8B /* SMADemoModalVideoViewController.m */,
				330EC1311E83C6E0007F4F8B /* SMADemoWindowVideoViewController.h */,
				330EC1321E83C6E0007F4F8B /* SMADemoWindowVideoViewController.m */,
				D80246481EC5BFEE00679906 /* SMADemoPreMovieViewController.h */,
				D80246491EC5BFEE00679906 /* SMADemoPreMovieViewController.m */,
				C59E8F5C1CCA165300E4F152 /* Main.storyboard */,
				C59E8F5F1CCA165300E4F152 /* Assets.xcassets */,
				C59E8F641CCA165300E4F152 /* Info.plist */,
				C59E8F531CCA165200E4F152 /* Supporting Files */,
			);
			path = STMobSDKSample;
			sourceTree = "<group>";
		};
		C59E8F531CCA165200E4F152 /* Supporting Files */ = {
			isa = PBXGroup;
			children = (
				C59E8F541CCA165200E4F152 /* main.m */,
				33D098721DD1D885005D78AA /* PrefixHeader.pch */,
			);
			name = "Supporting Files";
			sourceTree = "<group>";
		};
		C59E8F811CCA1A7900E4F152 /* Frameworks */ = {
			isa = PBXGroup;
			children = (
				C59E8F701CCA1A2300E4F152 /* AdSupport.framework */,
				D8C106CF1E88F6C400FDC4D7 /* AVFoundation.framework */,
				C59E8F741CCA1A3000E4F152 /* CoreGraphics.framework */,
				C59E8F761CCA1A3B00E4F152 /* CoreLocation.framework */,
				C59E8F781CCA1A4100E4F152 /* CoreTelephony.framework */,
				C59E8F7A1CCA1A4900E4F152 /* Foundation.framework */,
				330EC12C1E83B3E9007F4F8B /* libz.tbd */,
				D8C106D11E88F6DF00FDC4D7 /* StoreKit.framework */,
				C59E8F7C1CCA1A4F00E4F152 /* SystemConfiguration.framework */,
				C59E8F7E1CCA1A5500E4F152 /* UIKit.framework */,
			);
			name = Frameworks;
			sourceTree = "<group>";
		};
		D86FAF521D17F379003432D8 /* LaunchImages */ = {
			isa = PBXGroup;
			children = (
				D86FAF531D17F379003432D8 /* LaunchImage.png */,
				D86FAF541D17F379003432D8 /* LaunchImage4.7@2x.png */,
				D86FAF551D17F379003432D8 /* LaunchImage4@2x.png */,
				D86FAF561D17F379003432D8 /* LaunchImage5.5@3x.png */,
				D86FAF571D17F379003432D8 /* LaunchImage@2x.png */,
				D86FAF581D17F379003432D8 /* LaunchImage_Landscape.png */,
				D86FAF591D17F379003432D8 /* LaunchImage_Landscape@2x.png */,
				D86FAF5A1D17F379003432D8 /* LaunchImage_Portrait.png */,
				D86FAF5B1D17F379003432D8 /* LaunchImage_Portrait@2x.png */,
			);
			path = LaunchImages;
			sourceTree = "<group>";
		};
		D8C106C21E88F68300FDC4D7 /* SuntengMobileAds */ = {
			isa = PBXGroup;
			children = (
				D8C106C31E88F68300FDC4D7 /* libSuntengMobileAds.a */,
				D8C106C41E88F68300FDC4D7 /* SMABannerView.h */,
				D8C106C51E88F68300FDC4D7 /* SMAConstants.h */,
				D8C106C61E88F68300FDC4D7 /* SMAInterstitialAdController.h */,
				D8C106C71E88F68300FDC4D7 /* SMAModalVideoAd.h */,
				D8C106C81E88F68300FDC4D7 /* SMANativeAd.h */,
				D8C106C91E88F68300FDC4D7 /* SMANativeAdImage.h */,
				D8C106CA1E88F68300FDC4D7 /* SMANativeAdView.h */,
				D80246471EC5BF8F00679906 /* SMAPreMovieAd.h */,
				D8C106CB1E88F68300FDC4D7 /* SMASplashAd.h */,
				D8C106CC1E88F68300FDC4D7 /* SMAWindowVideoAd.h */,
				D8C106CD1E88F68300FDC4D7 /* SuntengMobileAds.h */,
			);
			name = SuntengMobileAds;
			path = ../../SuntengMobileAds;
			sourceTree = "<group>";
		};
/* End PBXGroup section */

/* Begin PBXNativeTarget section */
		C59E8F4F1CCA165200E4F152 /* STMobSDKSample */ = {
			isa = PBXNativeTarget;
			buildConfigurationList = C59E8F671CCA165300E4F152 /* Build configuration list for PBXNativeTarget "STMobSDKSample" */;
			buildPhases = (
				C59E8F4C1CCA165200E4F152 /* Sources */,
				C59E8F4D1CCA165200E4F152 /* Frameworks */,
				C59E8F4E1CCA165200E4F152 /* Resources */,
			);
			buildRules = (
			);
			dependencies = (
			);
			name = STMobSDKSample;
			productName = STMobSDKSample;
			productReference = C59E8F501CCA165200E4F152 /* STMobSDKSample.app */;
			productType = "com.apple.product-type.application";
		};
/* End PBXNativeTarget section */

/* Begin PBXProject section */
		C59E8F481CCA165200E4F152 /* Project object */ = {
			isa = PBXProject;
			attributes = {
				LastUpgradeCheck = 0820;
				ORGANIZATIONNAME = sunteng;
				TargetAttributes = {
					C59E8F4F1CCA165200E4F152 = {
						CreatedOnToolsVersion = 7.2;
						ProvisioningStyle = Automatic;
						SystemCapabilities = {
							com.apple.InAppPurchase = {
								enabled = 0;
							};
						};
					};
				};
			};
			buildConfigurationList = C59E8F4B1CCA165200E4F152 /* Build configuration list for PBXProject "STMobSDKSample" */;
			compatibilityVersion = "Xcode 3.2";
			developmentRegion = English;
			hasScannedForEncodings = 0;
			knownRegions = (
				en,
				Base,
			);
			mainGroup = C59E8F471CCA165200E4F152;
			productRefGroup = C59E8F511CCA165200E4F152 /* Products */;
			projectDirPath = "";
			projectRoot = "";
			targets = (
				C59E8F4F1CCA165200E4F152 /* STMobSDKSample */,
			);
		};
/* End PBXProject section */

/* Begin PBXResourcesBuildPhase section */
		C59E8F4E1CCA165200E4F152 /* Resources */ = {
			isa = PBXResourcesBuildPhase;
			buildActionMask = 2147483647;
			files = (
				D86FAF621D17F379003432D8 /* LaunchImage_Landscape@2x.png in Resources */,
				D86FAF641D17F379003432D8 /* LaunchImage_Portrait@2x.png in Resources */,
				D86FAF601D17F379003432D8 /* LaunchImage@2x.png in Resources */,
				C59E8F601CCA165300E4F152 /* Assets.xcassets in Resources */,
				D86FAF5E1D17F379003432D8 /* LaunchImage4@2x.png in Resources */,
				D86FAF5D1D17F379003432D8 /* LaunchImage4.7@2x.png in Resources */,
				D86FAF611D17F379003432D8 /* LaunchImage_Landscape.png in Resources */,
				C59E8F5E1CCA165300E4F152 /* Main.storyboard in Resources */,
				33F434DC1DE56DF0005B8189 /* CustomNativeAdView.xib in Resources */,
				D86FAF631D17F379003432D8 /* LaunchImage_Portrait.png in Resources */,
				D86FAF5C1D17F379003432D8 /* LaunchImage.png in Resources */,
				D86FAF5F1D17F379003432D8 /* LaunchImage5.5@3x.png in Resources */,
			);
			runOnlyForDeploymentPostprocessing = 0;
		};
/* End PBXResourcesBuildPhase section */

/* Begin PBXSourcesBuildPhase section */
		C59E8F4C1CCA165200E4F152 /* Sources */ = {
			isa = PBXSourcesBuildPhase;
			buildActionMask = 2147483647;
			files = (
				3366FC811D129E1D00AD792C /* SMADemoBannerAdViewController.m in Sources */,
				33F434E11DE574F0005B8189 /* CustomNativeAdView.m in Sources */,
				33F434E51DE58EA0005B8189 /* CustomNativeAdCell.m in Sources */,
				330EC1331E83C6E0007F4F8B /* SMADemoWindowVideoViewController.m in Sources */,
				C59E8F5B1CCA165300E4F152 /* SMADemoInterstitialAdViewController.m in Sources */,
				33F434E81DE590D3005B8189 /* SMADemoNativeAdTableViewController.m in Sources */,
				33F434DA1DE53F4E005B8189 /* SMADemoNativeAdViewController.m in Sources */,
				C59E8F581CCA165200E4F152 /* AppDelegate.m in Sources */,
				C59E8F551CCA165200E4F152 /* main.m in Sources */,
				330EC1301E83C6C6007F4F8B /* SMADemoModalVideoViewController.m in Sources */,
				D802464A1EC5BFEE00679906 /* SMADemoPreMovieViewController.m in Sources */,
			);
			runOnlyForDeploymentPostprocessing = 0;
		};
/* End PBXSourcesBuildPhase section */

/* Begin PBXVariantGroup section */
		C59E8F5C1CCA165300E4F152 /* Main.storyboard */ = {
			isa = PBXVariantGroup;
			children = (
				C59E8F5D1CCA165300E4F152 /* Base */,
			);
			name = Main.storyboard;
			sourceTree = "<group>";
		};
/* End PBXVariantGroup section */

/* Begin XCBuildConfiguration section */
		C59E8F651CCA165300E4F152 /* Debug */ = {
			isa = XCBuildConfiguration;
			buildSettings = {
				ALWAYS_SEARCH_USER_PATHS = NO;
				CLANG_CXX_LANGUAGE_STANDARD = "gnu++0x";
				CLANG_CXX_LIBRARY = "libc++";
				CLANG_ENABLE_MODULES = YES;
				CLANG_ENABLE_OBJC_ARC = YES;
				CLANG_WARN_BOOL_CONVERSION = YES;
				CLANG_WARN_CONSTANT_CONVERSION = YES;
				CLANG_WARN_DIRECT_OBJC_ISA_USAGE = YES_ERROR;
				CLANG_WARN_EMPTY_BODY = YES;
				CLANG_WARN_ENUM_CONVERSION = YES;
				CLANG_WARN_INFINITE_RECURSION = YES;
				CLANG_WARN_INT_CONVERSION = YES;
				CLANG_WARN_OBJC_ROOT_CLASS = YES_ERROR;
				CLANG_WARN_SUSPICIOUS_MOVE = YES;
				CLANG_WARN_UNREACHABLE_CODE = YES;
				CLANG_WARN__DUPLICATE_METHOD_MATCH = YES;
				"CODE_SIGN_IDENTITY[sdk=iphoneos*]" = "iPhone Developer";
				COPY_PHASE_STRIP = NO;
				DEBUG_INFORMATION_FORMAT = dwarf;
				ENABLE_STRICT_OBJC_MSGSEND = YES;
				ENABLE_TESTABILITY = YES;
				GCC_C_LANGUAGE_STANDARD = gnu99;
				GCC_DYNAMIC_NO_PIC = NO;
				GCC_NO_COMMON_BLOCKS = YES;
				GCC_OPTIMIZATION_LEVEL = 0;
				GCC_PRECOMPILE_PREFIX_HEADER = YES;
				GCC_PREFIX_HEADER = "$(SRCROOT)/STMobSDKSample/PrefixHeader.pch";
				GCC_PREPROCESSOR_DEFINITIONS = (
					"DEBUG=1",
					"$(inherited)",
				);
				GCC_WARN_64_TO_32_BIT_CONVERSION = YES;
				GCC_WARN_ABOUT_RETURN_TYPE = YES_ERROR;
				GCC_WARN_UNDECLARED_SELECTOR = YES;
				GCC_WARN_UNINITIALIZED_AUTOS = YES_AGGRESSIVE;
				GCC_WARN_UNUSED_FUNCTION = YES;
				GCC_WARN_UNUSED_VARIABLE = YES;
				IPHONEOS_DEPLOYMENT_TARGET = 8.0;
				MTL_ENABLE_DEBUG_INFO = YES;
				ONLY_ACTIVE_ARCH = YES;
				SDKROOT = iphoneos;
				TARGETED_DEVICE_FAMILY = "1,2";
			};
			name = Debug;
		};
		C59E8F661CCA165300E4F152 /* Release */ = {
			isa = XCBuildConfiguration;
			buildSettings = {
				ALWAYS_SEARCH_USER_PATHS = NO;
				CLANG_CXX_LANGUAGE_STANDARD = "gnu++0x";
				CLANG_CXX_LIBRARY = "libc++";
				CLANG_ENABLE_MODULES = YES;
				CLANG_ENABLE_OBJC_ARC = YES;
				CLANG_WARN_BOOL_CONVERSION = YES;
				CLANG_WARN_CONSTANT_CONVERSION = YES;
				CLANG_WARN_DIRECT_OBJC_ISA_USAGE = YES_ERROR;
				CLANG_WARN_EMPTY_BODY = YES;
				CLANG_WARN_ENUM_CONVERSION = YES;
				CLANG_WARN_INFINITE_RECURSION = YES;
				CLANG_WARN_INT_CONVERSION = YES;
				CLANG_WARN_OBJC_ROOT_CLASS = YES_ERROR;
				CLANG_WARN_SUSPICIOUS_MOVE = YES;
				CLANG_WARN_UNREACHABLE_CODE = YES;
				CLANG_WARN__DUPLICATE_METHOD_MATCH = YES;
				"CODE_SIGN_IDENTITY[sdk=iphoneos*]" = "iPhone Developer";
				COPY_PHASE_STRIP = NO;
				DEBUG_INFORMATION_FORMAT = "dwarf-with-dsym";
				ENABLE_NS_ASSERTIONS = NO;
				ENABLE_STRICT_OBJC_MSGSEND = YES;
				GCC_C_LANGUAGE_STANDARD = gnu99;
				GCC_NO_COMMON_BLOCKS = YES;
				GCC_PRECOMPILE_PREFIX_HEADER = YES;
				GCC_PREFIX_HEADER = "$(SRCROOT)/STMobSDKSample/PrefixHeader.pch";
				GCC_WARN_64_TO_32_BIT_CONVERSION = YES;
				GCC_WARN_ABOUT_RETURN_TYPE = YES_ERROR;
				GCC_WARN_UNDECLARED_SELECTOR = YES;
				GCC_WARN_UNINITIALIZED_AUTOS = YES_AGGRESSIVE;
				GCC_WARN_UNUSED_FUNCTION = YES;
				GCC_WARN_UNUSED_VARIABLE = YES;
				IPHONEOS_DEPLOYMENT_TARGET = 8.0;
				MTL_ENABLE_DEBUG_INFO = NO;
				SDKROOT = iphoneos;
				TARGETED_DEVICE_FAMILY = "1,2";
				VALIDATE_PRODUCT = YES;
			};
			name = Release;
		};
		C59E8F681CCA165300E4F152 /* Debug */ = {
			isa = XCBuildConfiguration;
			buildSettings = {
				ASSETCATALOG_COMPILER_APPICON_NAME = AppIcon;
				ASSETCATALOG_COMPILER_LAUNCHIMAGE_NAME = LaunchImage;
				CODE_SIGN_IDENTITY = "iPhone Developer";
				"CODE_SIGN_IDENTITY[sdk=iphoneos*]" = "iPhone Developer";
				DEVELOPMENT_TEAM = "";
				GCC_PRECOMPILE_PREFIX_HEADER = YES;
				GCC_PREFIX_HEADER = "$(SRCROOT)/STMobSDKSample/PrefixHeader.pch";
				INFOPLIST_FILE = STMobSDKSample/Info.plist;
				INFOPLIST_PREFIX_HEADER = "";
				INFOPLIST_PREPROCESS = NO;
				IPHONEOS_DEPLOYMENT_TARGET = 8.0;
				LD_RUNPATH_SEARCH_PATHS = "$(inherited) @executable_path/Frameworks";
				LIBRARY_SEARCH_PATHS = (
					"$(inherited)",
					"$(PROJECT_DIR)/../SuntengMobileAds",
				);
				OTHER_LDFLAGS = "-ObjC";
				PRODUCT_BUNDLE_IDENTIFIER = com.sunteng.STMobSDKSample;
				PRODUCT_NAME = "$(TARGET_NAME)";
				PROVISIONING_PROFILE = "";
			};
			name = Debug;
		};
		C59E8F691CCA165300E4F152 /* Release */ = {
			isa = XCBuildConfiguration;
			buildSettings = {
				ASSETCATALOG_COMPILER_APPICON_NAME = AppIcon;
				ASSETCATALOG_COMPILER_LAUNCHIMAGE_NAME = LaunchImage;
				CODE_SIGN_IDENTITY = "iPhone Distribution";
				"CODE_SIGN_IDENTITY[sdk=iphoneos*]" = "iPhone Developer";
				DEVELOPMENT_TEAM = "";
				GCC_PRECOMPILE_PREFIX_HEADER = YES;
				GCC_PREFIX_HEADER = "$(SRCROOT)/STMobSDKSample/PrefixHeader.pch";
				INFOPLIST_FILE = STMobSDKSample/Info.plist;
				INFOPLIST_PREFIX_HEADER = "";
				INFOPLIST_PREPROCESS = NO;
				IPHONEOS_DEPLOYMENT_TARGET = 8.0;
				LD_RUNPATH_SEARCH_PATHS = "$(inherited) @executable_path/Frameworks";
				LIBRARY_SEARCH_PATHS = (
					"$(inherited)",
					"$(PROJECT_DIR)/../SuntengMobileAds",
				);
				OTHER_LDFLAGS = "-ObjC";
				PRODUCT_BUNDLE_IDENTIFIER = com.sunteng.STMobSDKSample;
				PRODUCT_NAME = "$(TARGET_NAME)";
				PROVISIONING_PROFILE = "";
			};
			name = Release;
		};
/* End XCBuildConfiguration section */

/* Begin XCConfigurationList section */
		C59E8F4B1CCA165200E4F152 /* Build configuration list for PBXProject "STMobSDKSample" */ = {
			isa = XCConfigurationList;
			buildConfigurations = (
				C59E8F651CCA165300E4F152 /* Debug */,
				C59E8F661CCA165300E4F152 /* Release */,
			);
			defaultConfigurationIsVisible = 0;
			defaultConfigurationName = Release;
		};
		C59E8F671CCA165300E4F152 /* Build configuration list for PBXNativeTarget "STMobSDKSample" */ = {
			isa = XCConfigurationList;
			buildConfigurations = (
				C59E8F681CCA165300E4F152 /* Debug */,
				C59E8F691CCA165300E4F152 /* Release */,
			);
			defaultConfigurationIsVisible = 0;
			defaultConfigurationName = Release;
		};
/* End XCConfigurationList section */
	};
	rootObject = C59E8F481CCA165200E4F152 /* Project object */;
}
